
Microsoft Visual Studio Solution File, Format Version 12.00
# Visual Studio 15
VisualStudioVersion = 15.0.27130.2027
MinimumVisualStudioVersion = 10.0.40219.1
Project("{FAE04EC0-301F-11D3-BF4B-00C04F79EFBC}") = "Readify.WebSChallenge.FrontEnd", "Readify.WebSChallenge.FrontEnd\Readify.WebSChallenge.FrontEnd.csproj", "{AC402F19-0512-418A-9449-85AEF806C626}"
EndProject
Project("{FAE04EC0-301F-11D3-BF4B-00C04F79EFBC}") = "Readify.WebSChallenge.FrontEnd.Tests", "Readify.WebSChallenge.FrontEnd.Tests\Readify.WebSChallenge.FrontEnd.Tests.csproj", "{A85D931F-5154-4C48-A64D-F920F1CC2512}"
EndProject
Global
	GlobalSection(SolutionConfigurationPlatforms) = preSolution
		Debug|Any CPU = Debug|Any CPU
		Release|Any CPU = Release|Any CPU
	EndGlobalSection
	GlobalSection(ProjectConfigurationPlatforms) = postSolution
		{AC402F19-0512-418A-9449-85AEF806C626}.Debug|Any CPU.ActiveCfg = Debug|Any CPU
		{AC402F19-0512-418A-9449-85AEF806C626}.Debug|Any CPU.Build.0 = Debug|Any CPU
		{AC402F19-0512-418A-9449-85AEF806C626}.Release|Any CPU.ActiveCfg = Release|Any CPU
		{AC402F19-0512-418A-9449-85AEF806C626}.Release|Any CPU.Build.0 = Release|Any CPU
		{A85D931F-5154-4C48-A64D-F920F1CC2512}.Debug|Any CPU.ActiveCfg = Debug|Any CPU
		{A85D931F-5154-4C48-A64D-F920F1CC2512}.Debug|Any CPU.Build.0 = Debug|Any CPU
		{A85D931F-5154-4C48-A64D-F920F1CC2512}.Release|Any CPU.ActiveCfg = Release|Any CPU
		{A85D931F-5154-4C48-A64D-F920F1CC2512}.Release|Any CPU.Build.0 = Release|Any CPU
	EndGlobalSection
	GlobalSection(SolutionProperties) = preSolution
		HideSolutionNode = FALSE
	EndGlobalSection
	GlobalSection(ExtensibilityGlobals) = postSolution
		SolutionGuid = {00313CF0-EC03-4849-B5CB-F947FB19C7C0}
	EndGlobalSection
EndGlobal
